PODS:
  - Alamofire (4.8.1)
  - LBTAComponents (0.1.9)
  - SwiftyJSON (4.2.0)
  - TRON (4.2.1):
    - Alamofire (~> 4.5)
    - TRON/SwiftyJSON (= 4.2.1)
  - TRON/Core (4.2.1):
    - Alamofire (~> 4.5)
  - TRON/SwiftyJSON (4.2.1):
    - Alamofire (~> 4.5)
    - SwiftyJSON (~> 4.0)
    - TRON/Core

DEPENDENCIES:
  - LBTAComponents (~> 0.1.9)
  - TRON (~> 4.0)

SPEC REPOS:
  https://github.com/cocoapods/specs.git:
    - Alamofire
    - LBTAComponents
    - SwiftyJSON
    - TRON

SPEC CHECKSUMS:
  Alamofire: 16ce2c353fb72865124ddae8a57c5942388f4f11
  LBTAComponents: 9a5d314080d1f80208062ccc81a2d25225c5f572
  SwiftyJSON: c4bcba26dd9ec7a027fc8eade48e2c911f229e96
  TRON: eb0f572d97dd51ec309a27bc785ec82148500512

PODFILE CHECKSUM: fed4785201aec5f00ae83c499d70f1c29a12ea3d

COCOAPODS: 1.5.3
